{
  "nodes": {
    "clan": {
      "inputs": {
        "disko": "disko",
        "flake-parts": [
          "flake-parts"
        ],
        "nixos-facter-modules": "nixos-facter-modules",
        "nixpkgs": [
          "nixpkgs"
        ],
        "sops-nix": "sops-nix",
        "systems": "systems",
        "treefmt-nix": [
          "treefmt-nix"
        ]
      },
      "locked": {
        "lastModified": 1730898100,
        "narHash": "sha256-eA9rC9SbBf3exTQaqc21VtboAK1QzCrTOmGk7NhbZfI=",
        "ref": "refs/heads/main",
        "rev": "4e4e89166d168cf4330c81e08fc143e1bdd49cff",
        "shallow": true,
        "type": "git",
        "url": "https://git.clan.lol/clan/clan-core"
      },
      "original": {
        "shallow": true,
        "type": "git",
        "url": "https://git.clan.lol/clan/clan-core"
      }
    },
    "disko": {
      "inputs": {
        "nixpkgs": [
          "clan",
          "nixpkgs"
        ]
      },
      "locked": {
        "lastModified": 1730675461,
        "narHash": "sha256-Mhqz3p/HEiI/zxBJWO57LYQf6gGlJB0tci6fiVXLjd8=",
        "owner": "nix-community",
        "repo": "disko",
        "rev": "380847d94ff0fedee8b50ee4baddb162c06678df",
        "type": "github"
      },
      "original": {
        "owner": "nix-community",
        "repo": "disko",
        "type": "github"
      }
    },
    "flake-parts": {
      "inputs": {
        "nixpkgs-lib": [
          "nixpkgs"
        ]
      },
      "locked": {
        "lastModified": 1730504689,
        "narHash": "sha256-hgmguH29K2fvs9szpq2r3pz2/8cJd2LPS+b4tfNFCwE=",
        "owner": "hercules-ci",
        "repo": "flake-parts",
        "rev": "506278e768c2a08bec68eb62932193e341f55c90",
        "type": "github"
      },
      "original": {
        "owner": "hercules-ci",
        "repo": "flake-parts",
        "type": "github"
      }
    },
    "nixos-facter-modules": {
      "locked": {
        "lastModified": 1730026316,
        "narHash": "sha256-AzP+trH/ykBJGTx3twkpuwbkhFSmsY1PJDQtRmK4k4c=",
        "owner": "numtide",
        "repo": "nixos-facter-modules",
        "rev": "15b6531d44aa6f0bbd2fd8309cd2a6d7f183ba32",
        "type": "github"
      },
      "original": {
        "owner": "numtide",
        "repo": "nixos-facter-modules",
        "type": "github"
      }
    },
    "nixpkgs": {
      "locked": {
        "lastModified": 1730785428,
        "narHash": "sha256-Zwl8YgTVJTEum+L+0zVAWvXAGbWAuXHax3KzuejaDyo=",
        "owner": "nixos",
        "repo": "nixpkgs",
        "rev": "4aa36568d413aca0ea84a1684d2d46f55dbabad7",
        "type": "github"
      },
      "original": {
        "owner": "nixos",
        "ref": "nixos-unstable",
        "repo": "nixpkgs",
        "type": "github"
      }
    },
    "phaer-keys": {
      "flake": false,
      "locked": {
        "narHash": "sha256-HLNLLFPks99lCZbvI6aCkGUhZqIUx+Th5cFm/hTQ2YY=",
        "type": "file",
        "url": "https://github.com/phaer.keys"
      },
      "original": {
        "type": "file",
        "url": "https://github.com/phaer.keys"
      }
    },
    "root": {
      "inputs": {
        "clan": "clan",
        "flake-parts": "flake-parts",
        "nixpkgs": "nixpkgs",
        "phaer-keys": "phaer-keys",
        "srvos": "srvos",
        "treefmt-nix": "treefmt-nix"
      }
    },
    "sops-nix": {
      "inputs": {
        "nixpkgs": [
          "clan",
          "nixpkgs"
        ],
        "nixpkgs-stable": [
          "clan"
        ]
      },
      "locked": {
        "lastModified": 1730605784,
        "narHash": "sha256-1NveNAMLHbxOg0BpBMSVuZ2yW2PpDnZLbZ25wV50PMc=",
        "owner": "Mic92",
        "repo": "sops-nix",
        "rev": "e9b5eef9b51cdf966c76143e13a9476725b2f760",
        "type": "github"
      },
      "original": {
        "owner": "Mic92",
        "repo": "sops-nix",
        "type": "github"
      }
    },
    "srvos": {
      "inputs": {
        "nixpkgs": [
          "nixpkgs"
        ]
      },
      "locked": {
        "lastModified": 1730940990,
        "narHash": "sha256-FyRDs/jlmaBDL1ryf3tM9rFaOrlYn5wSa1VUr4k2w+4=",
        "owner": "nix-community",
        "repo": "srvos",
        "rev": "dabae9d2062afd45f343d13d819eea1029d08162",
        "type": "github"
      },
      "original": {
        "owner": "nix-community",
        "repo": "srvos",
        "type": "github"
      }
    },
    "systems": {
      "locked": {
        "lastModified": 1681028828,
        "narHash": "sha256-Vy1rq5AaRuLzOxct8nz4T6wlgyUR7zLU309k9mBC768=",
        "owner": "nix-systems",
        "repo": "default",
        "rev": "da67096a3b9bf56a91d16901293e51ba5b49a27e",
        "type": "github"
      },
      "original": {
        "owner": "nix-systems",
        "repo": "default",
        "type": "github"
      }
    },
    "treefmt-nix": {
      "inputs": {
        "nixpkgs": [
          "nixpkgs"
        ]
      },
      "locked": {
        "lastModified": 1730321837,
        "narHash": "sha256-vK+a09qq19QNu2MlLcvN4qcRctJbqWkX7ahgPZ/+maI=",
        "owner": "numtide",
        "repo": "treefmt-nix",
        "rev": "746901bb8dba96d154b66492a29f5db0693dbfcc",
        "type": "github"
      },
      "original": {
        "owner": "numtide",
        "repo": "treefmt-nix",
        "type": "github"
      }
    }
  },
  "root": "root",
  "version": 7
}
