{
  "nodes": {
    "clan": {
      "inputs": {
        "disko": "disko",
        "flake-parts": [
          "flake-parts"
        ],
        "nixos-facter-modules": "nixos-facter-modules",
        "nixpkgs": [
          "nixpkgs"
        ],
        "sops-nix": "sops-nix",
        "systems": "systems",
        "treefmt-nix": [
          "treefmt-nix"
        ]
      },
      "locked": {
        "lastModified": 1738386980,
        "narHash": "sha256-WzORzHEjZmv2A0JWMjFO04qPU9RKDjL1sxHehjgTm8s=",
        "ref": "refs/heads/main",
        "rev": "1fb676affb8c2cb72e6f1ff2cd9a435d8a22950e",
        "shallow": true,
        "type": "git",
        "url": "https://git.clan.lol/clan/clan-core"
      },
      "original": {
        "shallow": true,
        "type": "git",
        "url": "https://git.clan.lol/clan/clan-core"
      }
    },
    "disko": {
      "inputs": {
        "nixpkgs": [
          "clan",
          "nixpkgs"
        ]
      },
      "locked": {
        "lastModified": 1737038063,
        "narHash": "sha256-rMEuiK69MDhjz1JgbaeQ9mBDXMJ2/P8vmOYRbFndXsk=",
        "owner": "nix-community",
        "repo": "disko",
        "rev": "bf0abfde48f469c256f2b0f481c6281ff04a5db2",
        "type": "github"
      },
      "original": {
        "owner": "nix-community",
        "repo": "disko",
        "type": "github"
      }
    },
    "flake-parts": {
      "inputs": {
        "nixpkgs-lib": [
          "nixpkgs"
        ]
      },
      "locked": {
        "lastModified": 1733312601,
        "narHash": "sha256-4pDvzqnegAfRkPwO3wmwBhVi/Sye1mzps0zHWYnP88c=",
        "owner": "hercules-ci",
        "repo": "flake-parts",
        "rev": "205b12d8b7cd4802fbcb8e8ef6a0f1408781a4f9",
        "type": "github"
      },
      "original": {
        "owner": "hercules-ci",
        "repo": "flake-parts",
        "type": "github"
      }
    },
    "hebbot": {
      "flake": false,
      "locked": {
        "lastModified": 1730392315,
        "narHash": "sha256-r0AS+K9IjZC8VU5n2BOUjcO8PoPUkc25+tIruPpbJhA=",
        "owner": "haecker-felix",
        "repo": "hebbot",
        "rev": "84ae3be1d19110df86dcc627636ee61e26eafb3a",
        "type": "github"
      },
      "original": {
        "owner": "haecker-felix",
        "repo": "hebbot",
        "type": "github"
      }
    },
    "nixos-facter-modules": {
      "locked": {
        "lastModified": 1736931726,
        "narHash": "sha256-aY55yiifyo1XPPpbpH0kWlV1g2dNGBlx6622b7OK8ks=",
        "owner": "numtide",
        "repo": "nixos-facter-modules",
        "rev": "fa11d87b61b2163efbb9aed7b7a5ae0299e5ab9c",
        "type": "github"
      },
      "original": {
        "owner": "numtide",
        "repo": "nixos-facter-modules",
        "type": "github"
      }
    },
    "nixpkgs": {
      "locked": {
        "lastModified": 1731608427,
        "narHash": "sha256-DzSzwaxy8/e5/quKWnCNWfoK/5t7hq+CGwOn7BTcHsw=",
        "owner": "phaer",
        "repo": "nixpkgs",
        "rev": "5c77f148248d1ea86201c96aa6671af7c2216e80",
        "type": "github"
      },
      "original": {
        "owner": "phaer",
        "ref": "hebbot-package",
        "repo": "nixpkgs",
        "type": "github"
      }
    },
    "phaer-keys": {
      "flake": false,
      "locked": {
        "narHash": "sha256-HLNLLFPks99lCZbvI6aCkGUhZqIUx+Th5cFm/hTQ2YY=",
        "type": "file",
        "url": "https://github.com/phaer.keys"
      },
      "original": {
        "type": "file",
        "url": "https://github.com/phaer.keys"
      }
    },
    "root": {
      "inputs": {
        "clan": "clan",
        "flake-parts": "flake-parts",
        "hebbot": "hebbot",
        "nixpkgs": "nixpkgs",
        "phaer-keys": "phaer-keys",
        "srvos": "srvos",
        "treefmt-nix": "treefmt-nix"
      }
    },
    "sops-nix": {
      "inputs": {
        "nixpkgs": [
          "clan",
          "nixpkgs"
        ]
      },
      "locked": {
        "lastModified": 1736953253,
        "narHash": "sha256-shJxzy7qypjq9hpETQ3gJsBZXO5E3KR0INca/xwiVp4=",
        "owner": "pinpox",
        "repo": "sops-nix",
        "rev": "a7c6e64401b6dde13c0de90230cb64087c9d9693",
        "type": "github"
      },
      "original": {
        "owner": "pinpox",
        "ref": "lazy-assertions",
        "repo": "sops-nix",
        "type": "github"
      }
    },
    "srvos": {
      "inputs": {
        "nixpkgs": [
          "nixpkgs"
        ]
      },
      "locked": {
        "lastModified": 1735379278,
        "narHash": "sha256-DpihJuI9SaWOUc1lRrw+e5014Qj+WHn9Xla89jxA6jk=",
        "owner": "nix-community",
        "repo": "srvos",
        "rev": "e3b404890cfb44caec3edc8b84facb8934299428",
        "type": "github"
      },
      "original": {
        "owner": "nix-community",
        "repo": "srvos",
        "type": "github"
      }
    },
    "systems": {
      "locked": {
        "lastModified": 1681028828,
        "narHash": "sha256-Vy1rq5AaRuLzOxct8nz4T6wlgyUR7zLU309k9mBC768=",
        "owner": "nix-systems",
        "repo": "default",
        "rev": "da67096a3b9bf56a91d16901293e51ba5b49a27e",
        "type": "github"
      },
      "original": {
        "owner": "nix-systems",
        "repo": "default",
        "type": "github"
      }
    },
    "treefmt-nix": {
      "inputs": {
        "nixpkgs": [
          "nixpkgs"
        ]
      },
      "locked": {
        "lastModified": 1735135567,
        "narHash": "sha256-8T3K5amndEavxnludPyfj3Z1IkcFdRpR23q+T0BVeZE=",
        "owner": "numtide",
        "repo": "treefmt-nix",
        "rev": "9e09d30a644c57257715902efbb3adc56c79cf28",
        "type": "github"
      },
      "original": {
        "owner": "numtide",
        "repo": "treefmt-nix",
        "type": "github"
      }
    }
  },
  "root": "root",
  "version": 7
}
