{
  "nodes": {
    "clan": {
      "inputs": {
        "disko": "disko",
        "flake-parts": [
          "flake-parts"
        ],
        "nixos-facter-modules": "nixos-facter-modules",
        "nixpkgs": [
          "nixpkgs"
        ],
        "sops-nix": "sops-nix",
        "systems": "systems",
        "treefmt-nix": [
          "treefmt-nix"
        ]
      },
      "locked": {
        "lastModified": 1738386980,
        "narHash": "sha256-WzORzHEjZmv2A0JWMjFO04qPU9RKDjL1sxHehjgTm8s=",
        "ref": "refs/heads/main",
        "rev": "1fb676affb8c2cb72e6f1ff2cd9a435d8a22950e",
        "shallow": true,
        "type": "git",
        "url": "https://git.clan.lol/clan/clan-core"
      },
      "original": {
        "shallow": true,
        "type": "git",
        "url": "https://git.clan.lol/clan/clan-core"
      }
    },
    "disko": {
      "inputs": {
        "nixpkgs": [
          "clan",
          "nixpkgs"
        ]
      },
      "locked": {
        "lastModified": 1737038063,
        "narHash": "sha256-rMEuiK69MDhjz1JgbaeQ9mBDXMJ2/P8vmOYRbFndXsk=",
        "owner": "nix-community",
        "repo": "disko",
        "rev": "bf0abfde48f469c256f2b0f481c6281ff04a5db2",
        "type": "github"
      },
      "original": {
        "owner": "nix-community",
        "repo": "disko",
        "type": "github"
      }
    },
    "flake-parts": {
      "inputs": {
        "nixpkgs-lib": [
          "nixpkgs"
        ]
      },
      "locked": {
        "lastModified": 1738453229,
        "narHash": "sha256-7H9XgNiGLKN1G1CgRh0vUL4AheZSYzPm+zmZ7vxbJdo=",
        "owner": "hercules-ci",
        "repo": "flake-parts",
        "rev": "32ea77a06711b758da0ad9bd6a844c5740a87abd",
        "type": "github"
      },
      "original": {
        "owner": "hercules-ci",
        "repo": "flake-parts",
        "type": "github"
      }
    },
    "hebbot": {
      "flake": false,
      "locked": {
        "lastModified": 1731713810,
        "narHash": "sha256-y4/mqr8PBSiMGj8OvY5rLu9okHeU/IlBQEgNx0X/kHU=",
        "owner": "haecker-felix",
        "repo": "hebbot",
        "rev": "738d6e0de410736b779a4315aaf059679bffff4f",
        "type": "github"
      },
      "original": {
        "owner": "haecker-felix",
        "repo": "hebbot",
        "type": "github"
      }
    },
    "nixos-facter-modules": {
      "locked": {
        "lastModified": 1736931726,
        "narHash": "sha256-aY55yiifyo1XPPpbpH0kWlV1g2dNGBlx6622b7OK8ks=",
        "owner": "numtide",
        "repo": "nixos-facter-modules",
        "rev": "fa11d87b61b2163efbb9aed7b7a5ae0299e5ab9c",
        "type": "github"
      },
      "original": {
        "owner": "numtide",
        "repo": "nixos-facter-modules",
        "type": "github"
      }
    },
    "nixpkgs": {
      "locked": {
        "lastModified": 1738410390,
        "narHash": "sha256-xvTo0Aw0+veek7hvEVLzErmJyQkEcRk6PSR4zsRQFEc=",
        "owner": "nixos",
        "repo": "nixpkgs",
        "rev": "3a228057f5b619feb3186e986dbe76278d707b6e",
        "type": "github"
      },
      "original": {
        "owner": "nixos",
        "ref": "nixos-unstable",
        "repo": "nixpkgs",
        "type": "github"
      }
    },
    "phaer-keys": {
      "flake": false,
      "locked": {
        "narHash": "sha256-HLNLLFPks99lCZbvI6aCkGUhZqIUx+Th5cFm/hTQ2YY=",
        "type": "file",
        "url": "https://github.com/phaer.keys"
      },
      "original": {
        "type": "file",
        "url": "https://github.com/phaer.keys"
      }
    },
    "root": {
      "inputs": {
        "clan": "clan",
        "flake-parts": "flake-parts",
        "hebbot": "hebbot",
        "nixpkgs": "nixpkgs",
        "phaer-keys": "phaer-keys",
        "srvos": "srvos",
        "treefmt-nix": "treefmt-nix"
      }
    },
    "sops-nix": {
      "inputs": {
        "nixpkgs": [
          "clan",
          "nixpkgs"
        ]
      },
      "locked": {
        "lastModified": 1736953253,
        "narHash": "sha256-shJxzy7qypjq9hpETQ3gJsBZXO5E3KR0INca/xwiVp4=",
        "owner": "pinpox",
        "repo": "sops-nix",
        "rev": "a7c6e64401b6dde13c0de90230cb64087c9d9693",
        "type": "github"
      },
      "original": {
        "owner": "pinpox",
        "ref": "lazy-assertions",
        "repo": "sops-nix",
        "type": "github"
      }
    },
    "srvos": {
      "inputs": {
        "nixpkgs": [
          "nixpkgs"
        ]
      },
      "locked": {
        "lastModified": 1738198321,
        "narHash": "sha256-lhnHBXO9Y8xEn92JqxjancdL8Gh16ONuxZp60iZfmX4=",
        "owner": "nix-community",
        "repo": "srvos",
        "rev": "7d5a4aaadac9ff63f9ed4347df95175aceee5079",
        "type": "github"
      },
      "original": {
        "owner": "nix-community",
        "repo": "srvos",
        "type": "github"
      }
    },
    "systems": {
      "locked": {
        "lastModified": 1681028828,
        "narHash": "sha256-Vy1rq5AaRuLzOxct8nz4T6wlgyUR7zLU309k9mBC768=",
        "owner": "nix-systems",
        "repo": "default",
        "rev": "da67096a3b9bf56a91d16901293e51ba5b49a27e",
        "type": "github"
      },
      "original": {
        "owner": "nix-systems",
        "repo": "default",
        "type": "github"
      }
    },
    "treefmt-nix": {
      "inputs": {
        "nixpkgs": [
          "nixpkgs"
        ]
      },
      "locked": {
        "lastModified": 1738070913,
        "narHash": "sha256-j6jC12vCFsTGDmY2u1H12lMr62fnclNjuCtAdF1a4Nk=",
        "owner": "numtide",
        "repo": "treefmt-nix",
        "rev": "bebf27d00f7d10ba75332a0541ac43676985dea3",
        "type": "github"
      },
      "original": {
        "owner": "numtide",
        "repo": "treefmt-nix",
        "type": "github"
      }
    }
  },
  "root": "root",
  "version": 7
}
